
Microsoft Visual Studio Solution File, Format Version 12.00
# Visual Studio Version 16
VisualStudioVersion = 16.0.30011.22
MinimumVisualStudioVersion = 10.0.40219.1
Project("{FAE04EC0-301F-11D3-BF4B-00C04F79EFBC}") = "Pra.HerhalingEnums.WPF", "Pra.HerhalingEnums.WPF\Pra.HerhalingEnums.WPF.csproj", "{DE4D53F9-A651-4C80-8B7A-5D39A14D4169}"
EndProject
Global
	GlobalSection(SolutionConfigurationPlatforms) = preSolution
		Debug|Any CPU = Debug|Any CPU
		Release|Any CPU = Release|Any CPU
	EndGlobalSection
	GlobalSection(ProjectConfigurationPlatforms) = postSolution
		{DE4D53F9-A651-4C80-8B7A-5D39A14D4169}.Debug|Any CPU.ActiveCfg = Debug|Any CPU
		{DE4D53F9-A651-4C80-8B7A-5D39A14D4169}.Debug|Any CPU.Build.0 = Debug|Any CPU
		{DE4D53F9-A651-4C80-8B7A-5D39A14D4169}.Release|Any CPU.ActiveCfg = Release|Any CPU
		{DE4D53F9-A651-4C80-8B7A-5D39A14D4169}.Release|Any CPU.Build.0 = Release|Any CPU
	EndGlobalSection
	GlobalSection(SolutionProperties) = preSolution
		HideSolutionNode = FALSE
	EndGlobalSection
	GlobalSection(ExtensibilityGlobals) = postSolution
		SolutionGuid = {F0952FBF-5AFE-4D3E-BCC4-D6B6E354B2CF}
	EndGlobalSection
EndGlobal
